lockfileVersion: '6.0'

settings:
  autoInstallPeers: true
  excludeLinksFromLockfile: false

dependencies:
  '@actions/core':
    specifier: ^1.10.1
    version: 1.10.1
  '@koine/i18n':
    specifier: '*'
    version: 2.0.0-beta.38(type-fest@4.10.2)
  simple-git:
    specifier: ^3.22.0
    version: 3.22.0

devDependencies:
  '@vercel/ncc':
    specifier: ^0.38.1
    version: 0.38.1

packages:

  /@actions/core@1.10.1:
    resolution: {integrity: sha512-3lBR9EDAY+iYIpTnTIXmWcNbX3T2kCkAEQGIQx4NVQ0575nk2k3GRZDTPQG+vVtS2izSLmINlxXf0uLtnrTP+g==}
    dependencies:
      '@actions/http-client': 2.2.0
      uuid: 8.3.2
    dev: false

  /@actions/http-client@2.2.0:
    resolution: {integrity: sha512-q+epW0trjVUUHboliPb4UF9g2msf+w61b32tAkFEwL/IwP0DQWgbCMM0Hbe3e3WXSKz5VcUXbzJQgy8Hkra/Lg==}
    dependencies:
      tunnel: 0.0.6
      undici: 5.28.2
    dev: false

  /@fastify/busboy@2.1.0:
    resolution: {integrity: sha512-+KpH+QxZU7O4675t3mnkQKcZZg56u+K/Ct2K+N2AZYNVK8kyeo/bI18tI8aPm3tvNNRyTWfj6s5tnGNlcbQRsA==}
    engines: {node: '>=14'}
    dev: false

  /@koine/i18n@2.0.0-beta.38(type-fest@4.10.2):
    resolution: {integrity: sha512-qgHWfaH9xI6oDCyZekyJevyyk9hD60h+/bfm1kg+ukJGL3QvItHfpY+5/JK/stm3zr+ds+GdscUjyLvW1Argjw==}
    peerDependencies:
      glob: '*'
      next: '*'
      next-translate: '*'
      react: '*'
      typescript: '*'
    peerDependenciesMeta:
      glob:
        optional: true
      next:
        optional: true
      next-translate:
        optional: true
      react:
        optional: true
      typescript:
        optional: true
    dependencies:
      '@koine/node': 2.0.0-beta.38
      '@koine/utils': 2.0.0-beta.38(type-fest@4.10.2)
    transitivePeerDependencies:
      - type-fest
    dev: false

  /@koine/node@2.0.0-beta.38:
    resolution: {integrity: sha512-P9oYslX9xf6yD3z6JygE8O4nNe40CGy1YTbGNuD6BGApdGvj7bXtCQEW+o3wr5oWGFeDDIDbhLq4rV+Arelt/Q==}
    dev: false

  /@koine/utils@2.0.0-beta.38(type-fest@4.10.2):
    resolution: {integrity: sha512-TK1W6ECgBsM+fpYH1vPq07RRE113tquVrE0pX6YAz9isiRwvvomynPkDiWBcqwv27hB2CbGL3yHlThJ2wNxzHg==}
    peerDependencies:
      type-fest: ^4.9.0
    dependencies:
      type-fest: 4.10.2
    dev: false

  /@kwsites/file-exists@1.1.1:
    resolution: {integrity: sha512-m9/5YGR18lIwxSFDwfE3oA7bWuq9kdau6ugN4H2rJeyhFQZcG9AgSHkQtSD15a8WvTgfz9aikZMrKPHvbpqFiw==}
    dependencies:
      debug: 4.3.4
    transitivePeerDependencies:
      - supports-color
    dev: false

  /@kwsites/promise-deferred@1.1.1:
    resolution: {integrity: sha512-GaHYm+c0O9MjZRu0ongGBRbinu8gVAMd2UZjji6jVmqKtZluZnptXGWhz1E8j8D2HJ3f/yMxKAUC0b+57wncIw==}
    dev: false

  /@vercel/ncc@0.38.1:
    resolution: {integrity: sha512-IBBb+iI2NLu4VQn3Vwldyi2QwaXt5+hTyh58ggAMoCGE6DJmPvwL3KPBWcJl1m9LYPChBLE980Jw+CS4Wokqxw==}
    hasBin: true
    dev: true

  /debug@4.3.4:
    resolution: {integrity: sha512-PRWFHuSU3eDtQJPvnNY7Jcket1j0t5OuOsFzPPzsekD52Zl8qUfFIPEiswXqIvHWGVHOgX+7G/vCNNhehwxfkQ==}
    engines: {node: '>=6.0'}
    peerDependencies:
      supports-color: '*'
    peerDependenciesMeta:
      supports-color:
        optional: true
    dependencies:
      ms: 2.1.2
    dev: false

  /ms@2.1.2:
    resolution: {integrity: sha512-sGkPx+VjMtmA6MX27oA4FBFELFCZZ4S4XqeGOXCv68tT+jb3vk/RyaKWP0PTKyWtmLSM0b+adUTEvbs1PEaH2w==}
    dev: false

  /simple-git@3.22.0:
    resolution: {integrity: sha512-6JujwSs0ac82jkGjMHiCnTifvf1crOiY/+tfs/Pqih6iow7VrpNKRRNdWm6RtaXpvvv/JGNYhlUtLhGFqHF+Yw==}
    dependencies:
      '@kwsites/file-exists': 1.1.1
      '@kwsites/promise-deferred': 1.1.1
      debug: 4.3.4
    transitivePeerDependencies:
      - supports-color
    dev: false

  /tunnel@0.0.6:
    resolution: {integrity: sha512-1h/Lnq9yajKY2PEbBadPXj3VxsDDu844OnaAo52UVmIzIvwwtBPIuNvkjuzBlTWpfJyUbG3ez0KSBibQkj4ojg==}
    engines: {node: '>=0.6.11 <=0.7.0 || >=0.7.3'}
    dev: false

  /type-fest@4.10.2:
    resolution: {integrity: sha512-anpAG63wSpdEbLwOqH8L84urkL6PiVIov3EMmgIhhThevh9aiMQov+6Btx0wldNcvm4wV+e2/Rt1QdDwKHFbHw==}
    engines: {node: '>=16'}
    dev: false

  /undici@5.28.2:
    resolution: {integrity: sha512-wh1pHJHnUeQV5Xa8/kyQhO7WFa8M34l026L5P/+2TYiakvGy5Rdc8jWZVyG7ieht/0WgJLEd3kcU5gKx+6GC8w==}
    engines: {node: '>=14.0'}
    dependencies:
      '@fastify/busboy': 2.1.0
    dev: false

  /uuid@8.3.2:
    resolution: {integrity: sha512-+NYs2QeMWy+GWFOEm9xnn6HCDp0l7QBD7ml8zLUmJ+93Q5NF0NocErnwkTkXVFNiX3/fpC6afS8Dhb/gz7R7eg==}
    hasBin: true
    dev: false
